# This file is automatically @generated by Cargo.
# It is not intended for manual editing.
version = 4

[[package]]
name = "autocfg"
version = "1.5.0"
source = "registry+https://github.com/rust-lang/crates.io-index"
checksum = "c08606f8c3cbf4ce6ec8e28fb0014a2c086708fe954eaa885384a6165172e7e8"

[[package]]
name = "clone_dyn"
version = "0.29.0"
source = "registry+https://github.com/rust-lang/crates.io-index"
checksum = "265409abbb089ded7c2ab74f4588a6d167117e2d3f5b7e5ab5fd007334736e7f"
dependencies = [
 "clone_dyn_meta",
 "clone_dyn_types",
]

[[package]]
name = "clone_dyn_meta"
version = "0.27.0"
source = "registry+https://github.com/rust-lang/crates.io-index"
checksum = "a5302800b09054b1ddbe9321f9b8015c32c5ec0a35c5182d3381e6ad87a85727"
dependencies = [
 "former_types",
 "macro_tools",
]

[[package]]
name = "clone_dyn_types"
version = "0.26.0"
source = "registry+https://github.com/rust-lang/crates.io-index"
checksum = "0c23e9c07455288757e5142aaeb0e999f9f34dd2d3c27c9b5f8e3f85f4cb1eda"

[[package]]
name = "collection_tools"
version = "0.15.0"
source = "registry+https://github.com/rust-lang/crates.io-index"
checksum = "145e4cf3f5a5d4bdffac57eca77179849c196d4f0ae02d6077ccfa5510bd3288"

[[package]]
name = "const_format"
version = "0.2.33"
source = "registry+https://github.com/rust-lang/crates.io-index"
checksum = "50c655d81ff1114fb0dcdea9225ea9f0cc712a6f8d189378e82bdf62a473a64b"
dependencies = [
 "const_format_proc_macros",
]

[[package]]
name = "const_format_proc_macros"
version = "0.2.33"
source = "registry+https://github.com/rust-lang/crates.io-index"
checksum = "eff1a44b93f47b1bac19a27932f5c591e43d1ba357ee4f61526c8a25603f0eb1"
dependencies = [
 "proc-macro2",
 "quote",
 "unicode-xid",
]

[[package]]
name = "either"
version = "1.13.0"
source = "registry+https://github.com/rust-lang/crates.io-index"
checksum = "60b1af1c220855b6ceac025d3f6ecdd2b7c4894bfe9cd9bda4fbb4bc7c0d4cf0"

[[package]]
name = "former_types"
version = "2.12.0"
source = "registry+https://github.com/rust-lang/crates.io-index"
checksum = "6d75e3a440a49ab9aa1a6db8737666526c086e6c029a945b11a55f83726cdb3f"
dependencies = [
 "collection_tools",
]

[[package]]
name = "interval_adapter"
version = "0.27.0"
source = "registry+https://github.com/rust-lang/crates.io-index"
checksum = "3bc68cf13de713285577624d0e57366ec1309891d693f048b6cea1668bbc2e71"

[[package]]
name = "iter_tools"
version = "0.24.0"
source = "registry+https://github.com/rust-lang/crates.io-index"
checksum = "49a92afdf43693047a6079d379c88064970968bd6552a10f45c135a1c29e1094"
dependencies = [
 "clone_dyn_types",
 "itertools",
]

[[package]]
name = "itertools"
version = "0.11.0"
source = "registry+https://github.com/rust-lang/crates.io-index"
checksum = "b1c173a5686ce8bfa551b3563d0c2170bf24ca44da99c7ca4bfdab5418c3fe57"
dependencies = [
 "either",
]

[[package]]
name = "macro_tools"
version = "0.44.0"
source = "registry+https://github.com/rust-lang/crates.io-index"
checksum = "da995b3de2e1106aae3fea6aa9f389c36d3e7fc0e18a54c2ea46e3cd02038caf"
dependencies = [
 "clone_dyn_types",
 "const_format",
 "former_types",
 "interval_adapter",
 "iter_tools",
 "proc-macro2",
 "quote",
 "syn",
]

[[package]]
name = "num-traits"
version = "0.2.19"
source = "registry+https://github.com/rust-lang/crates.io-index"
checksum = "071dfc062690e90b734c0b2273ce72ad0ffa95f0c74596bc250dcfd960262841"
dependencies = [
 "autocfg",
]

[[package]]
name = "ordered-float"
version = "5.0.0"
source = "registry+https://github.com/rust-lang/crates.io-index"
checksum = "e2c1f9f56e534ac6a9b8a4600bdf0f530fb393b5f393e7b4d03489c3cf0c3f01"
dependencies = [
 "num-traits",
]

[[package]]
name = "proc-macro2"
version = "1.0.92"
source = "registry+https://github.com/rust-lang/crates.io-index"
checksum = "37d3544b3f2748c54e147655edb5025752e2303145b5aefb3c3ea2c78b973bb0"
dependencies = [
 "unicode-ident",
]

[[package]]
name = "quote"
version = "1.0.37"
source = "registry+https://github.com/rust-lang/crates.io-index"
checksum = "b5b9d34b8991d19d98081b46eacdd8eb58c6f2b201139f7c5f643cc155a633af"
dependencies = [
 "proc-macro2",
]

[[package]]
name = "syn"
version = "2.0.89"
source = "registry+https://github.com/rust-lang/crates.io-index"
checksum = "44d46482f1c1c87acd84dea20c1bf5ebff4c757009ed6bf19cfd36fb10e92c4e"
dependencies = [
 "proc-macro2",
 "quote",
 "unicode-ident",
]

[[package]]
name = "tim"
version = "0.1.0"
dependencies = [
 "clone_dyn",
 "ordered-float",
]

[[package]]
name = "unicode-ident"
version = "1.0.14"
source = "registry+https://github.com/rust-lang/crates.io-index"
checksum = "adb9e6ca4f869e1180728b7950e35922a7fc6397f7b641499e8f3ef06e50dc83"

[[package]]
name = "unicode-xid"
version = "0.2.6"
source = "registry+https://github.com/rust-lang/crates.io-index"
checksum = "ebc1c04c71510c7f702b52b7c350734c9ff1295c464a03335b00bb84fc54f853"
